
Microsoft Visual Studio Solution File, Format Version 12.00
# Visual Studio Version 17
VisualStudioVersion = 17.11.35327.3
MinimumVisualStudioVersion = 10.0.40219.1
Project("{FAE04EC0-301F-11D3-BF4B-00C04F79EFBC}") = "GorevTakipSistemi", "GorevTakipSistemi.csproj", "{2A512B64-DB10-4012-87DE-A14C1A5523B4}"
EndProject
Global
	GlobalSection(SolutionConfigurationPlatforms) = preSolution
		Debug|Any CPU = Debug|Any CPU
		Release|Any CPU = Release|Any CPU
	EndGlobalSection
	GlobalSection(ProjectConfigurationPlatforms) = postSolution
		{2A512B64-DB10-4012-87DE-A14C1A5523B4}.Debug|Any CPU.ActiveCfg = Debug|Any CPU
		{2A512B64-DB10-4012-87DE-A14C1A5523B4}.Debug|Any CPU.Build.0 = Debug|Any CPU
		{2A512B64-DB10-4012-87DE-A14C1A5523B4}.Release|Any CPU.ActiveCfg = Release|Any CPU
		{2A512B64-DB10-4012-87DE-A14C1A5523B4}.Release|Any CPU.Build.0 = Release|Any CPU
	EndGlobalSection
	GlobalSection(SolutionProperties) = preSolution
		HideSolutionNode = FALSE
	EndGlobalSection
	GlobalSection(ExtensibilityGlobals) = postSolution
		SolutionGuid = {F8B0BB6E-B136-451C-84F8-821E1C4527D4}
	EndGlobalSection
EndGlobal
